
Microsoft Visual Studio Solution File, Format Version 12.00
# Visual Studio Version 17
VisualStudioVersion = 17.6.33815.320
MinimumVisualStudioVersion = 10.0.40219.1
Project("{FAE04EC0-301F-11D3-BF4B-00C04F79EFBC}") = "stuff", "stuff\stuff.csproj", "{A97FC3F6-8D1B-44CE-9849-FD3836DDAE14}"
EndProject
Global
	GlobalSection(SolutionConfigurationPlatforms) = preSolution
		Debug|Any CPU = Debug|Any CPU
		Release|Any CPU = Release|Any CPU
	EndGlobalSection
	GlobalSection(ProjectConfigurationPlatforms) = postSolution
		{A97FC3F6-8D1B-44CE-9849-FD3836DDAE14}.Debug|Any CPU.ActiveCfg = Debug|Any CPU
		{A97FC3F6-8D1B-44CE-9849-FD3836DDAE14}.Debug|Any CPU.Build.0 = Debug|Any CPU
		{A97FC3F6-8D1B-44CE-9849-FD3836DDAE14}.Release|Any CPU.ActiveCfg = Release|Any CPU
		{A97FC3F6-8D1B-44CE-9849-FD3836DDAE14}.Release|Any CPU.Build.0 = Release|Any CPU
	EndGlobalSection
	GlobalSection(SolutionProperties) = preSolution
		HideSolutionNode = FALSE
	EndGlobalSection
	GlobalSection(ExtensibilityGlobals) = postSolution
		SolutionGuid = {10F02B7F-4C7F-4186-A1E6-88C70DD89C34}
	EndGlobalSection
EndGlobal
